
Microsoft Visual Studio Solution File, Format Version 12.00
# Visual Studio Version 17
VisualStudioVersion = 17.5.002.0
MinimumVisualStudioVersion = 10.0.40219.1
Project("{2150E333-8FDC-42A3-9474-1A3956D46DE8}") = "IletisimModelleri", "IletisimModelleri", "{8DAB0450-C4D6-4CAE-9815-B7E3BC2F90E9}"
EndProject
Project("{2150E333-8FDC-42A3-9474-1A3956D46DE8}") = "HTTP", "HTTP", "{0447DBC2-21F6-4605-8740-859712452BE3}"
EndProject
Project("{9A19103F-16F7-4668-BE54-9A1E7A4F7556}") = "Service2", "IletisimModelleri\HTTP\Service2\Service2.csproj", "{652743E8-3DC2-482E-87EE-7CCFC164F6E4}"
EndProject
Project("{FAE04EC0-301F-11D3-BF4B-00C04F79EFBC}") = "Service1", "IletisimModelleri\HTTP\Service1\Service1.csproj", "{E31D7CD1-66E2-48C6-9BC1-E9BD162754FD}"
EndProject
Project("{2150E333-8FDC-42A3-9474-1A3956D46DE8}") = "MessageBroker_RabbitMQ", "MessageBroker_RabbitMQ", "{03A05927-6BB7-4EEC-ADC2-D3A2616BFEA1}"
EndProject
Project("{FAE04EC0-301F-11D3-BF4B-00C04F79EFBC}") = "Service2", "IletisimModelleri\MessageBroker_RabbitMQ\Service2\Service2.csproj", "{B371BA00-C6F1-4F90-BF86-ACE9857B6F45}"
EndProject
Project("{FAE04EC0-301F-11D3-BF4B-00C04F79EFBC}") = "Service1", "IletisimModelleri\MessageBroker_RabbitMQ\Service1\Service1.csproj", "{C33FD2E4-B431-4FFB-9DFD-F46F52DC1AEC}"
EndProject
Project("{2150E333-8FDC-42A3-9474-1A3956D46DE8}") = "Basic-Microservice-Example", "Basic-Microservice-Example", "{0EAF952A-70FB-4B2D-AAEF-A9FF4324AD35}"
EndProject
Project("{FAE04EC0-301F-11D3-BF4B-00C04F79EFBC}") = "Order.API", "Basic-Microservice-Example\Order.API\Order.API.csproj", "{36596142-8938-43DB-B486-AA67C65AF877}"
EndProject
Project("{FAE04EC0-301F-11D3-BF4B-00C04F79EFBC}") = "Shared", "Basic-Microservice-Example\Shared\Shared.csproj", "{7C3C1ECA-5FF5-4B99-A8D9-19B079FC28BA}"
EndProject
Project("{FAE04EC0-301F-11D3-BF4B-00C04F79EFBC}") = "Stock.API", "Basic-Microservice-Example\Stock.API\Stock.API.csproj", "{2E2B4EA6-8E57-44F1-86BD-69D717177DA3}"
EndProject
Project("{FAE04EC0-301F-11D3-BF4B-00C04F79EFBC}") = "Payment.API", "Basic-Microservice-Example\Payment.API\Payment.API.csproj", "{D06A57C6-9101-4B17-AD84-1440ED3BFCF7}"
EndProject
Global
	GlobalSection(SolutionConfigurationPlatforms) = preSolution
		Debug|Any CPU = Debug|Any CPU
		Release|Any CPU = Release|Any CPU
	EndGlobalSection
	GlobalSection(ProjectConfigurationPlatforms) = postSolution
		{652743E8-3DC2-482E-87EE-7CCFC164F6E4}.Debug|Any CPU.ActiveCfg = Debug|Any CPU
		{652743E8-3DC2-482E-87EE-7CCFC164F6E4}.Debug|Any CPU.Build.0 = Debug|Any CPU
		{652743E8-3DC2-482E-87EE-7CCFC164F6E4}.Release|Any CPU.ActiveCfg = Release|Any CPU
		{652743E8-3DC2-482E-87EE-7CCFC164F6E4}.Release|Any CPU.Build.0 = Release|Any CPU
		{E31D7CD1-66E2-48C6-9BC1-E9BD162754FD}.Debug|Any CPU.ActiveCfg = Debug|Any CPU
		{E31D7CD1-66E2-48C6-9BC1-E9BD162754FD}.Debug|Any CPU.Build.0 = Debug|Any CPU
		{E31D7CD1-66E2-48C6-9BC1-E9BD162754FD}.Release|Any CPU.ActiveCfg = Release|Any CPU
		{E31D7CD1-66E2-48C6-9BC1-E9BD162754FD}.Release|Any CPU.Build.0 = Release|Any CPU
		{B371BA00-C6F1-4F90-BF86-ACE9857B6F45}.Debug|Any CPU.ActiveCfg = Debug|Any CPU
		{B371BA00-C6F1-4F90-BF86-ACE9857B6F45}.Debug|Any CPU.Build.0 = Debug|Any CPU
		{B371BA00-C6F1-4F90-BF86-ACE9857B6F45}.Release|Any CPU.ActiveCfg = Release|Any CPU
		{B371BA00-C6F1-4F90-BF86-ACE9857B6F45}.Release|Any CPU.Build.0 = Release|Any CPU
		{C33FD2E4-B431-4FFB-9DFD-F46F52DC1AEC}.Debug|Any CPU.ActiveCfg = Debug|Any CPU
		{C33FD2E4-B431-4FFB-9DFD-F46F52DC1AEC}.Debug|Any CPU.Build.0 = Debug|Any CPU
		{C33FD2E4-B431-4FFB-9DFD-F46F52DC1AEC}.Release|Any CPU.ActiveCfg = Release|Any CPU
		{C33FD2E4-B431-4FFB-9DFD-F46F52DC1AEC}.Release|Any CPU.Build.0 = Release|Any CPU
		{36596142-8938-43DB-B486-AA67C65AF877}.Debug|Any CPU.ActiveCfg = Debug|Any CPU
		{36596142-8938-43DB-B486-AA67C65AF877}.Debug|Any CPU.Build.0 = Debug|Any CPU
		{36596142-8938-43DB-B486-AA67C65AF877}.Release|Any CPU.ActiveCfg = Release|Any CPU
		{36596142-8938-43DB-B486-AA67C65AF877}.Release|Any CPU.Build.0 = Release|Any CPU
		{7C3C1ECA-5FF5-4B99-A8D9-19B079FC28BA}.Debug|Any CPU.ActiveCfg = Debug|Any CPU
		{7C3C1ECA-5FF5-4B99-A8D9-19B079FC28BA}.Debug|Any CPU.Build.0 = Debug|Any CPU
		{7C3C1ECA-5FF5-4B99-A8D9-19B079FC28BA}.Release|Any CPU.ActiveCfg = Release|Any CPU
		{7C3C1ECA-5FF5-4B99-A8D9-19B079FC28BA}.Release|Any CPU.Build.0 = Release|Any CPU
		{2E2B4EA6-8E57-44F1-86BD-69D717177DA3}.Debug|Any CPU.ActiveCfg = Debug|Any CPU
		{2E2B4EA6-8E57-44F1-86BD-69D717177DA3}.Debug|Any CPU.Build.0 = Debug|Any CPU
		{2E2B4EA6-8E57-44F1-86BD-69D717177DA3}.Release|Any CPU.ActiveCfg = Release|Any CPU
		{2E2B4EA6-8E57-44F1-86BD-69D717177DA3}.Release|Any CPU.Build.0 = Release|Any CPU
		{D06A57C6-9101-4B17-AD84-1440ED3BFCF7}.Debug|Any CPU.ActiveCfg = Debug|Any CPU
		{D06A57C6-9101-4B17-AD84-1440ED3BFCF7}.Debug|Any CPU.Build.0 = Debug|Any CPU
		{D06A57C6-9101-4B17-AD84-1440ED3BFCF7}.Release|Any CPU.ActiveCfg = Release|Any CPU
		{D06A57C6-9101-4B17-AD84-1440ED3BFCF7}.Release|Any CPU.Build.0 = Release|Any CPU
	EndGlobalSection
	GlobalSection(SolutionProperties) = preSolution
		HideSolutionNode = FALSE
	EndGlobalSection
	GlobalSection(NestedProjects) = preSolution
		{0447DBC2-21F6-4605-8740-859712452BE3} = {8DAB0450-C4D6-4CAE-9815-B7E3BC2F90E9}
		{652743E8-3DC2-482E-87EE-7CCFC164F6E4} = {0447DBC2-21F6-4605-8740-859712452BE3}
		{E31D7CD1-66E2-48C6-9BC1-E9BD162754FD} = {0447DBC2-21F6-4605-8740-859712452BE3}
		{03A05927-6BB7-4EEC-ADC2-D3A2616BFEA1} = {8DAB0450-C4D6-4CAE-9815-B7E3BC2F90E9}
		{B371BA00-C6F1-4F90-BF86-ACE9857B6F45} = {03A05927-6BB7-4EEC-ADC2-D3A2616BFEA1}
		{C33FD2E4-B431-4FFB-9DFD-F46F52DC1AEC} = {03A05927-6BB7-4EEC-ADC2-D3A2616BFEA1}
		{36596142-8938-43DB-B486-AA67C65AF877} = {0EAF952A-70FB-4B2D-AAEF-A9FF4324AD35}
		{7C3C1ECA-5FF5-4B99-A8D9-19B079FC28BA} = {0EAF952A-70FB-4B2D-AAEF-A9FF4324AD35}
		{2E2B4EA6-8E57-44F1-86BD-69D717177DA3} = {0EAF952A-70FB-4B2D-AAEF-A9FF4324AD35}
		{D06A57C6-9101-4B17-AD84-1440ED3BFCF7} = {0EAF952A-70FB-4B2D-AAEF-A9FF4324AD35}
	EndGlobalSection
	GlobalSection(ExtensibilityGlobals) = postSolution
		SolutionGuid = {14E364BA-E177-4A5B-87D1-349275D7501B}
	EndGlobalSection
EndGlobal
